{
  "version": "v1",
  "packages": {
    "app-builder-lib": {
      "signature": "8f0f4fabef3f33c208e258e00d8f2e11",
      "pure": true
    },
    "builder-util": {
      "signature": "f5d942429af6c4dfd97b4bb807d7b5b0",
      "pure": true
    },
    "builder-util-runtime": {
      "signature": "d622077f47933655d197e540cfc492e3",
      "pure": true
    },
    "dmg-builder": {
      "signature": "409c5acd6b952bc3b90663c8bbe56b61",
      "pure": true
    },
    "electron-builder": {
      "signature": "a2ebc1aa6e30dd2fa7472a21c1f592e8",
      "pure": true
    },
    "electron-publish": {
      "signature": "b9bc301cfc94877de0dc0195074aa01b",
      "pure": true
    },
    "electron-builder-squirrel-windows": {
      "signature": "43ea6c0f610018475998694a29b75745",
      "pure": true
    },
    "electron-forge-maker-appimage": {
      "signature": "59b25e5e4ca22065b6ad1a7e9a4e1daf",
      "pure": true
    },
    "electron-forge-maker-nsis": {
      "signature": "1d76c8289cc8e89aa32cde9309129e34",
      "pure": true
    },
    "electron-forge-maker-nsis-web": {
      "signature": "51bb11892f96a2365609b6f2a5066ee0",
      "pure": true
    },
    "electron-forge-maker-snap": {
      "signature": "5c39380cd66c3343995115ac8527e121",
      "pure": true
    },
    "electron-updater": {
      "signature": "68a7fc5dd96b38436b6c5dfaf923a889",
      "pure": true
    }
  }
}